# This file was autogenerated by Stack.
# You should not edit this file by hand.
# For more information, please see the documentation at:
#   https://docs.haskellstack.org/en/stable/lock_files

packages:
  - completed:
      hackage: doctest-0.22.1@sha256:8bbe68bfa6c95f69102362288bbf7988d956258547c3e18ad8cfd689f8556b1d,7378
      pantry-tree:
        sha256: 9372d16280e79b5059e017d1553e80d6e1f3c52c12ed106c21bf5e5f25fcea1a
        size: 8382
    original:
      hackage: doctest-0.22.1
  - completed:
      hackage: tasty-1.5@sha256:c62c96da1e9d65bf61ce583e9f7085eed1daeb62a45f3106ca252bf9ef87025b,2763
      pantry-tree:
        sha256: 7e9f57606982a8414be1a48a3fe16a29f2923b0f87c265a6ce0ab74944059d95
        size: 1944
    original:
      hackage: tasty-1.5
  - completed:
      hackage: tasty-quickcheck-0.10.3@sha256:5388241ade0d14ae9b7885887ded6622b0c89dbda369c6e55f14f1acbf3f6566,1864
      pantry-tree:
        sha256: 0174d5a932be9d0e78513c245a687fe842dc8e03f68bda3b4d9b974bfa9bc99b
        size: 332
    original:
      hackage: tasty-quickcheck-0.10.3
snapshots:
  - completed:
      sha256: 682574fdbde29718a8c5bc4a16e534b2e7c821922bdb46c1daf8adf373b28e55
      size: 669535
      url: https://raw.githubusercontent.com/commercialhaskell/stackage-snapshots/master/nightly/2023/9/25.yaml
    original: nightly-2023-09-25
