# This file was autogenerated by Stack.
# You should not edit this file by hand.
# For more information, please see the documentation at:
#   https://docs.haskellstack.org/en/stable/lock_files

packages:
  - completed:
      hackage: doctest-0.22.2@sha256:3fd1dd59e95cce01d85c96f45e01f5ae10feab583a20b73d2de4680f284a250b,7558
      pantry-tree:
        sha256: 97801503c3629531f112ff3072e3146b3e4b7a7d005f6c2dbe76fb03feaff344
        size: 8382
    original:
      hackage: doctest-0.22.2
  - completed:
      hackage: tasty-1.5@sha256:2dc91101339814be9913846ca8c424d1c3eccfefb27c6335f3fea2af40a3d2e4,2870
      pantry-tree:
        sha256: 0a7c186a9aab2f01a3bcdfad12f107e07ca2c414e93266d883ec770616f79448
        size: 1944
    original:
      hackage: tasty-1.5
  - completed:
      hackage: tasty-quickcheck-0.10.3@sha256:5388241ade0d14ae9b7885887ded6622b0c89dbda369c6e55f14f1acbf3f6566,1864
      pantry-tree:
        sha256: 0174d5a932be9d0e78513c245a687fe842dc8e03f68bda3b4d9b974bfa9bc99b
        size: 332
    original:
      hackage: tasty-quickcheck-0.10.3
snapshots:
  - completed:
      sha256: 0580a03f247573451c0a676673e0c2b474e0d42f78d4a93c4cd10eb32f2cb911
      size: 698107
      url: https://raw.githubusercontent.com/commercialhaskell/stackage-snapshots/master/nightly/2023/11/10.yaml
    original: nightly-2023-11-10
