# This file was autogenerated by Stack.
# You should not edit this file by hand.
# For more information, please see the documentation at:
#   https://docs.haskellstack.org/en/stable/lock_files

packages:
  - completed:
      hackage: hlint-3.6.1@sha256:c77340770bfc5c9b2fc3f77e58181f1ebce2825afcf2b925860751814130914e,4435
      pantry-tree:
        sha256: 03a1279139f88722d7bd284b3cad1b24dbcd98dd165e6fe7422ffc60d1c59ccd
        size: 6163
    original:
      hackage: hlint-3.6.1
snapshots:
  - completed:
      sha256: 05d50b875e9273b40eef9f5f7da82ec1c7728c31d99eada5bf79407399108686
      size: 598883
      url: https://raw.githubusercontent.com/commercialhaskell/stackage-snapshots/master/nightly/2023/8/1.yaml
    original:
      url: https://raw.githubusercontent.com/commercialhaskell/stackage-snapshots/master/nightly/2023/8/1.yaml
